// !$*UTF8*$!
{
	archiveVersion = 1;
	classes = {
	};
	objectVersion = 50;
	objects = {

/* Begin PBXBuildFile section */
		E1312B32AADC1DF8B3138CFD /* libPods-rac探究.a in Frameworks */ = {isa = PBXBuildFile; fileRef = 5BF6E4AEC3F00B38A4C68239 /* libPods-rac探究.a */; };
		E3BBC38620CF612B0077FD0F /* CustomView.m in Sources */ = {isa = PBXBuildFile; fileRef = E3BBC38520CF612B0077FD0F /* CustomView.m */; };
		E3E56F7D20CA1997002050E7 /* AppDelegate.m in Sources */ = {isa = PBXBuildFile; fileRef = E3E56F7C20CA1997002050E7 /* AppDelegate.m */; };
		E3E56F8020CA1997002050E7 /* ViewController.m in Sources */ = {isa = PBXBuildFile; fileRef = E3E56F7F20CA1997002050E7 /* ViewController.m */; };
		E3E56F8320CA1997002050E7 /* Main.storyboard in Resources */ = {isa = PBXBuildFile; fileRef = E3E56F8120CA1997002050E7 /* Main.storyboard */; };
		E3E56F8520CA1998002050E7 /* Assets.xcassets in Resources */ = {isa = PBXBuildFile; fileRef = E3E56F8420CA1998002050E7 /* Assets.xcassets */; };
		E3E56F8820CA1998002050E7 /* LaunchScreen.storyboard in Resources */ = {isa = PBXBuildFile; fileRef = E3E56F8620CA1998002050E7 /* LaunchScreen.storyboard */; };
		E3E56F8B20CA1998002050E7 /* main.m in Sources */ = {isa = PBXBuildFile; fileRef = E3E56F8A20CA1998002050E7 /* main.m */; };
		E3E56F9520CA1998002050E7 /* rac__Tests.m in Sources */ = {isa = PBXBuildFile; fileRef = E3E56F9420CA1998002050E7 /* rac__Tests.m */; };
		E3E56FA020CA1998002050E7 /* rac__UITests.m in Sources */ = {isa = PBXBuildFile; fileRef = E3E56F9F20CA1998002050E7 /* rac__UITests.m */; };
/* End PBXBuildFile section */

/* Begin PBXContainerItemProxy section */
		E3E56F9120CA1998002050E7 /* PBXContainerItemProxy */ = {
			isa = PBXContainerItemProxy;
			containerPortal = E3E56F7020CA1996002050E7 /* Project object */;
			proxyType = 1;
			remoteGlobalIDString = E3E56F7720CA1996002050E7;
			remoteInfo = "rac探究";
		};
		E3E56F9C20CA1998002050E7 /* PBXContainerItemProxy */ = {
			isa = PBXContainerItemProxy;
			containerPortal = E3E56F7020CA1996002050E7 /* Project object */;
			proxyType = 1;
			remoteGlobalIDString = E3E56F7720CA1996002050E7;
			remoteInfo = "rac探究";
		};
/* End PBXContainerItemProxy section */

/* Begin PBXFileReference section */
		5BF6E4AEC3F00B38A4C68239 /* libPods-rac探究.a */ = {isa = PBXFileReference; explicitFileType = archive.ar; includeInIndex = 0; path = "libPods-rac探究.a"; sourceTree = BUILT_PRODUCTS_DIR; };
		74244C95D8F33B0E8C1BFB63 /* Pods-rac探究.debug.xcconfig */ = {isa = PBXFileReference; includeInIndex = 1; lastKnownFileType = text.xcconfig; name = "Pods-rac探究.debug.xcconfig"; path = "Pods/Target Support Files/Pods-rac探究/Pods-rac探究.debug.xcconfig"; sourceTree = "<group>"; };
		861F3FD2F80AAE8FF0FFD1A7 /* Pods-rac探究.release.xcconfig */ = {isa = PBXFileReference; includeInIndex = 1; lastKnownFileType = text.xcconfig; name = "Pods-rac探究.release.xcconfig"; path = "Pods/Target Support Files/Pods-rac探究/Pods-rac探究.release.xcconfig"; sourceTree = "<group>"; };
		E3BBC38420CF612B0077FD0F /* CustomView.h */ = {isa = PBXFileReference; lastKnownFileType = sourcecode.c.h; path = CustomView.h; sourceTree = "<group>"; };
		E3BBC38520CF612B0077FD0F /* CustomView.m */ = {isa = PBXFileReference; lastKnownFileType = sourcecode.c.objc; path = CustomView.m; sourceTree = "<group>"; };
		E3E56F7820CA1996002050E7 /* rac探究.app */ = {isa = PBXFileReference; explicitFileType = wrapper.application; includeInIndex = 0; path = "rac探究.app"; sourceTree = BUILT_PRODUCTS_DIR; };
		E3E56F7B20CA1996002050E7 /* AppDelegate.h */ = {isa = PBXFileReference; lastKnownFileType = sourcecode.c.h; path = AppDelegate.h; sourceTree = "<group>"; };
		E3E56F7C20CA1997002050E7 /* AppDelegate.m */ = {isa = PBXFileReference; lastKnownFileType = sourcecode.c.objc; path = AppDelegate.m; sourceTree = "<group>"; };
		E3E56F7E20CA1997002050E7 /* ViewController.h */ = {isa = PBXFileReference; lastKnownFileType = sourcecode.c.h; path = ViewController.h; sourceTree = "<group>"; };
		E3E56F7F20CA1997002050E7 /* ViewController.m */ = {isa = PBXFileReference; lastKnownFileType = sourcecode.c.objc; path = ViewController.m; sourceTree = "<group>"; };
		E3E56F8220CA1997002050E7 /* Base */ = {isa = PBXFileReference; lastKnownFileType = file.storyboard; name = Base; path = Base.lproj/Main.storyboard; sourceTree = "<group>"; };
		E3E56F8420CA1998002050E7 /* Assets.xcassets */ = {isa = PBXFileReference; lastKnownFileType = folder.assetcatalog; path = Assets.xcassets; sourceTree = "<group>"; };
		E3E56F8720CA1998002050E7 /* Base */ = {isa = PBXFileReference; lastKnownFileType = file.storyboard; name = Base; path = Base.lproj/LaunchScreen.storyboard; sourceTree = "<group>"; };
		E3E56F8920CA1998002050E7 /* Info.plist */ = {isa = PBXFileReference; lastKnownFileType = text.plist.xml; path = Info.plist; sourceTree = "<group>"; };
		E3E56F8A20CA1998002050E7 /* main.m */ = {isa = PBXFileReference; lastKnownFileType = sourcecode.c.objc; path = main.m; sourceTree = "<group>"; };
		E3E56F9020CA1998002050E7 /* rac探究Tests.xctest */ = {isa = PBXFileReference; explicitFileType = wrapper.cfbundle; includeInIndex = 0; path = "rac探究Tests.xctest"; sourceTree = BUILT_PRODUCTS_DIR; };
		E3E56F9420CA1998002050E7 /* rac__Tests.m */ = {isa = PBXFileReference; lastKnownFileType = sourcecode.c.objc; path = rac__Tests.m; sourceTree = "<group>"; };
		E3E56F9620CA1998002050E7 /* Info.plist */ = {isa = PBXFileReference; lastKnownFileType = text.plist.xml; path = Info.plist; sourceTree = "<group>"; };
		E3E56F9B20CA1998002050E7 /* rac探究UITests.xctest */ = {isa = PBXFileReference; explicitFileType = wrapper.cfbundle; includeInIndex = 0; path = "rac探究UITests.xctest"; sourceTree = BUILT_PRODUCTS_DIR; };
		E3E56F9F20CA1998002050E7 /* rac__UITests.m */ = {isa = PBXFileReference; lastKnownFileType = sourcecode.c.objc; path = rac__UITests.m; sourceTree = "<group>"; };
		E3E56FA120CA1998002050E7 /* Info.plist */ = {isa = PBXFileReference; lastKnownFileType = text.plist.xml; path = Info.plist; sourceTree = "<group>"; };
/* End PBXFileReference section */

/* Begin PBXFrameworksBuildPhase section */
		E3E56F7520CA1996002050E7 /* Frameworks */ = {
			isa = PBXFrameworksBuildPhase;
			buildActionMask = 2147483647;
			files = (
				E1312B32AADC1DF8B3138CFD /* libPods-rac探究.a in Frameworks */,
			);
			runOnlyForDeploymentPostprocessing = 0;
		};
		E3E56F8D20CA1998002050E7 /* Frameworks */ = {
			isa = PBXFrameworksBuildPhase;
			buildActionMask = 2147483647;
			files = (
			);
			runOnlyForDeploymentPostprocessing = 0;
		};
		E3E56F9820CA1998002050E7 /* Frameworks */ = {
			isa = PBXFrameworksBuildPhase;
			buildActionMask = 2147483647;
			files = (
			);
			runOnlyForDeploymentPostprocessing = 0;
		};
/* End PBXFrameworksBuildPhase section */

/* Begin PBXGroup section */
		066922CA1E2867C1F464D823 /* Pods */ = {
			isa = PBXGroup;
			children = (
				74244C95D8F33B0E8C1BFB63 /* Pods-rac探究.debug.xcconfig */,
				861F3FD2F80AAE8FF0FFD1A7 /* Pods-rac探究.release.xcconfig */,
			);
			name = Pods;
			sourceTree = "<group>";
		};
		21524E782DE5353FB4C74BC2 /* Frameworks */ = {
			isa = PBXGroup;
			children = (
				5BF6E4AEC3F00B38A4C68239 /* libPods-rac探究.a */,
			);
			name = Frameworks;
			sourceTree = "<group>";
		};
		E3E56F6F20CA1996002050E7 = {
			isa = PBXGroup;
			children = (
				E3E56F7A20CA1996002050E7 /* rac探究 */,
				E3E56F9320CA1998002050E7 /* rac探究Tests */,
				E3E56F9E20CA1998002050E7 /* rac探究UITests */,
				E3E56F7920CA1996002050E7 /* Products */,
				066922CA1E2867C1F464D823 /* Pods */,
				21524E782DE5353FB4C74BC2 /* Frameworks */,
			);
			sourceTree = "<group>";
		};
		E3E56F7920CA1996002050E7 /* Products */ = {
			isa = PBXGroup;
			children = (
				E3E56F7820CA1996002050E7 /* rac探究.app */,
				E3E56F9020CA1998002050E7 /* rac探究Tests.xctest */,
				E3E56F9B20CA1998002050E7 /* rac探究UITests.xctest */,
			);
			name = Products;
			sourceTree = "<group>";
		};
		E3E56F7A20CA1996002050E7 /* rac探究 */ = {
			isa = PBXGroup;
			children = (
				E3E56F7B20CA1996002050E7 /* AppDelegate.h */,
				E3E56F7C20CA1997002050E7 /* AppDelegate.m */,
				E3E56F7E20CA1997002050E7 /* ViewController.h */,
				E3E56F7F20CA1997002050E7 /* ViewController.m */,
				E3BBC38420CF612B0077FD0F /* CustomView.h */,
				E3BBC38520CF612B0077FD0F /* CustomView.m */,
				E3E56F8120CA1997002050E7 /* Main.storyboard */,
				E3E56F8420CA1998002050E7 /* Assets.xcassets */,
				E3E56F8620CA1998002050E7 /* LaunchScreen.storyboard */,
				E3E56F8920CA1998002050E7 /* Info.plist */,
				E3E56F8A20CA1998002050E7 /* main.m */,
			);
			path = "rac探究";
			sourceTree = "<group>";
		};
		E3E56F9320CA1998002050E7 /* rac探究Tests */ = {
			isa = PBXGroup;
			children = (
				E3E56F9420CA1998002050E7 /* rac__Tests.m */,
				E3E56F9620CA1998002050E7 /* Info.plist */,
			);
			path = "rac探究Tests";
			sourceTree = "<group>";
		};
		E3E56F9E20CA1998002050E7 /* rac探究UITests */ = {
			isa = PBXGroup;
			children = (
				E3E56F9F20CA1998002050E7 /* rac__UITests.m */,
				E3E56FA120CA1998002050E7 /* Info.plist */,
			);
			path = "rac探究UITests";
			sourceTree = "<group>";
		};
/* End PBXGroup section */

/* Begin PBXNativeTarget section */
		E3E56F7720CA1996002050E7 /* rac探究 */ = {
			isa = PBXNativeTarget;
			buildConfigurationList = E3E56FA420CA1998002050E7 /* Build configuration list for PBXNativeTarget "rac探究" */;
			buildPhases = (
				CC403D46448AA32A79BD15BE /* [CP] Check Pods Manifest.lock */,
				E3E56F7420CA1996002050E7 /* Sources */,
				E3E56F7520CA1996002050E7 /* Frameworks */,
				E3E56F7620CA1996002050E7 /* Resources */,
			);
			buildRules = (
			);
			dependencies = (
			);
			name = "rac探究";
			productName = "rac探究";
			productReference = E3E56F7820CA1996002050E7 /* rac探究.app */;
			productType = "com.apple.product-type.application";
		};
		E3E56F8F20CA1998002050E7 /* rac探究Tests */ = {
			isa = PBXNativeTarget;
			buildConfigurationList = E3E56FA720CA1998002050E7 /* Build configuration list for PBXNativeTarget "rac探究Tests" */;
			buildPhases = (
				E3E56F8C20CA1998002050E7 /* Sources */,
				E3E56F8D20CA1998002050E7 /* Frameworks */,
				E3E56F8E20CA1998002050E7 /* Resources */,
			);
			buildRules = (
			);
			dependencies = (
				E3E56F9220CA1998002050E7 /* PBXTargetDependency */,
			);
			name = "rac探究Tests";
			productName = "rac探究Tests";
			productReference = E3E56F9020CA1998002050E7 /* rac探究Tests.xctest */;
			productType = "com.apple.product-type.bundle.unit-test";
		};
		E3E56F9A20CA1998002050E7 /* rac探究UITests */ = {
			isa = PBXNativeTarget;
			buildConfigurationList = E3E56FAA20CA1998002050E7 /* Build configuration list for PBXNativeTarget "rac探究UITests" */;
			buildPhases = (
				E3E56F9720CA1998002050E7 /* Sources */,
				E3E56F9820CA1998002050E7 /* Frameworks */,
				E3E56F9920CA1998002050E7 /* Resources */,
			);
			buildRules = (
			);
			dependencies = (
				E3E56F9D20CA1998002050E7 /* PBXTargetDependency */,
			);
			name = "rac探究UITests";
			productName = "rac探究UITests";
			productReference = E3E56F9B20CA1998002050E7 /* rac探究UITests.xctest */;
			productType = "com.apple.product-type.bundle.ui-testing";
		};
/* End PBXNativeTarget section */

/* Begin PBXProject section */
		E3E56F7020CA1996002050E7 /* Project object */ = {
			isa = PBXProject;
			attributes = {
				LastUpgradeCheck = 0940;
				ORGANIZATIONNAME = jinjun;
				TargetAttributes = {
					E3E56F7720CA1996002050E7 = {
						CreatedOnToolsVersion = 9.4;
					};
					E3E56F8F20CA1998002050E7 = {
						CreatedOnToolsVersion = 9.4;
						TestTargetID = E3E56F7720CA1996002050E7;
					};
					E3E56F9A20CA1998002050E7 = {
						CreatedOnToolsVersion = 9.4;
						TestTargetID = E3E56F7720CA1996002050E7;
					};
				};
			};
			buildConfigurationList = E3E56F7320CA1996002050E7 /* Build configuration list for PBXProject "rac探究" */;
			compatibilityVersion = "Xcode 9.3";
			developmentRegion = en;
			hasScannedForEncodings = 0;
			knownRegions = (
				en,
				Base,
			);
			mainGroup = E3E56F6F20CA1996002050E7;
			productRefGroup = E3E56F7920CA1996002050E7 /* Products */;
			projectDirPath = "";
			projectRoot = "";
			targets = (
				E3E56F7720CA1996002050E7 /* rac探究 */,
				E3E56F8F20CA1998002050E7 /* rac探究Tests */,
				E3E56F9A20CA1998002050E7 /* rac探究UITests */,
			);
		};
/* End PBXProject section */

/* Begin PBXResourcesBuildPhase section */
		E3E56F7620CA1996002050E7 /* Resources */ = {
			isa = PBXResourcesBuildPhase;
			buildActionMask = 2147483647;
			files = (
				E3E56F8820CA1998002050E7 /* LaunchScreen.storyboard in Resources */,
				E3E56F8520CA1998002050E7 /* Assets.xcassets in Resources */,
				E3E56F8320CA1997002050E7 /* Main.storyboard in Resources */,
			);
			runOnlyForDeploymentPostprocessing = 0;
		};
		E3E56F8E20CA1998002050E7 /* Resources */ = {
			isa = PBXResourcesBuildPhase;
			buildActionMask = 2147483647;
			files = (
			);
			runOnlyForDeploymentPostprocessing = 0;
		};
		E3E56F9920CA1998002050E7 /* Resources */ = {
			isa = PBXResourcesBuildPhase;
			buildActionMask = 2147483647;
			files = (
			);
			runOnlyForDeploymentPostprocessing = 0;
		};
/* End PBXResourcesBuildPhase section */

/* Begin PBXShellScriptBuildPhase section */
		CC403D46448AA32A79BD15BE /* [CP] Check Pods Manifest.lock */ = {
			isa = PBXShellScriptBuildPhase;
			buildActionMask = 2147483647;
			files = (
			);
			inputPaths = (
				"${PODS_PODFILE_DIR_PATH}/Podfile.lock",
				"${PODS_ROOT}/Manifest.lock",
			);
			name = "[CP] Check Pods Manifest.lock";
			outputPaths = (
				"$(DERIVED_FILE_DIR)/Pods-rac探究-checkManifestLockResult.txt",
			);
			runOnlyForDeploymentPostprocessing = 0;
			shellPath = /bin/sh;
			shellScript = "diff \"${PODS_PODFILE_DIR_PATH}/Podfile.lock\" \"${PODS_ROOT}/Manifest.lock\" > /dev/null\nif [ $? != 0 ] ; then\n    # print error to STDERR\n    echo \"error: The sandbox is not in sync with the Podfile.lock. Run 'pod install' or update your CocoaPods installation.\" >&2\n    exit 1\nfi\n# This output is used by Xcode 'outputs' to avoid re-running this script phase.\necho \"SUCCESS\" > \"${SCRIPT_OUTPUT_FILE_0}\"\n";
			showEnvVarsInLog = 0;
		};
/* End PBXShellScriptBuildPhase section */

/* Begin PBXSourcesBuildPhase section */
		E3E56F7420CA1996002050E7 /* Sources */ = {
			isa = PBXSourcesBuildPhase;
			buildActionMask = 2147483647;
			files = (
				E3E56F8020CA1997002050E7 /* ViewController.m in Sources */,
				E3BBC38620CF612B0077FD0F /* CustomView.m in Sources */,
				E3E56F8B20CA1998002050E7 /* main.m in Sources */,
				E3E56F7D20CA1997002050E7 /* AppDelegate.m in Sources */,
			);
			runOnlyForDeploymentPostprocessing = 0;
		};
		E3E56F8C20CA1998002050E7 /* Sources */ = {
			isa = PBXSourcesBuildPhase;
			buildActionMask = 2147483647;
			files = (
				E3E56F9520CA1998002050E7 /* rac__Tests.m in Sources */,
			);
			runOnlyForDeploymentPostprocessing = 0;
		};
		E3E56F9720CA1998002050E7 /* Sources */ = {
			isa = PBXSourcesBuildPhase;
			buildActionMask = 2147483647;
			files = (
				E3E56FA020CA1998002050E7 /* rac__UITests.m in Sources */,
			);
			runOnlyForDeploymentPostprocessing = 0;
		};
/* End PBXSourcesBuildPhase section */

/* Begin PBXTargetDependency section */
		E3E56F9220CA1998002050E7 /* PBXTargetDependency */ = {
			isa = PBXTargetDependency;
			target = E3E56F7720CA1996002050E7 /* rac探究 */;
			targetProxy = E3E56F9120CA1998002050E7 /* PBXContainerItemProxy */;
		};
		E3E56F9D20CA1998002050E7 /* PBXTargetDependency */ = {
			isa = PBXTargetDependency;
			target = E3E56F7720CA1996002050E7 /* rac探究 */;
			targetProxy = E3E56F9C20CA1998002050E7 /* PBXContainerItemProxy */;
		};
/* End PBXTargetDependency section */

/* Begin PBXVariantGroup section */
		E3E56F8120CA1997002050E7 /* Main.storyboard */ = {
			isa = PBXVariantGroup;
			children = (
				E3E56F8220CA1997002050E7 /* Base */,
			);
			name = Main.storyboard;
			sourceTree = "<group>";
		};
		E3E56F8620CA1998002050E7 /* LaunchScreen.storyboard */ = {
			isa = PBXVariantGroup;
			children = (
				E3E56F8720CA1998002050E7 /* Base */,
			);
			name = LaunchScreen.storyboard;
			sourceTree = "<group>";
		};
/* End PBXVariantGroup section */

/* Begin XCBuildConfiguration section */
		E3E56FA220CA1998002050E7 /* Debug */ = {
			isa = XCBuildConfiguration;
			buildSettings = {
				ALWAYS_SEARCH_USER_PATHS = NO;
				CLANG_ANALYZER_NONNULL = YES;
				CLANG_ANALYZER_NUMBER_OBJECT_CONVERSION = YES_AGGRESSIVE;
				CLANG_CXX_LANGUAGE_STANDARD = "gnu++14";
				CLANG_CXX_LIBRARY = "libc++";
				CLANG_ENABLE_MODULES = YES;
				CLANG_ENABLE_OBJC_ARC = YES;
				CLANG_ENABLE_OBJC_WEAK = YES;
				CLANG_WARN_BLOCK_CAPTURE_AUTORELEASING = YES;
				CLANG_WARN_BOOL_CONVERSION = YES;
				CLANG_WARN_COMMA = YES;
				CLANG_WARN_CONSTANT_CONVERSION = YES;
				CLANG_WARN_DEPRECATED_OBJC_IMPLEMENTATIONS = YES;
				CLANG_WARN_DIRECT_OBJC_ISA_USAGE = YES_ERROR;
				CLANG_WARN_DOCUMENTATION_COMMENTS = YES;
				CLANG_WARN_EMPTY_BODY = YES;
				CLANG_WARN_ENUM_CONVERSION = YES;
				CLANG_WARN_INFINITE_RECURSION = YES;
				CLANG_WARN_INT_CONVERSION = YES;
				CLANG_WARN_NON_LITERAL_NULL_CONVERSION = YES;
				CLANG_WARN_OBJC_IMPLICIT_RETAIN_SELF = YES;
				CLANG_WARN_OBJC_LITERAL_CONVERSION = YES;
				CLANG_WARN_OBJC_ROOT_CLASS = YES_ERROR;
				CLANG_WARN_RANGE_LOOP_ANALYSIS = YES;
				CLANG_WARN_STRICT_PROTOTYPES = YES;
				CLANG_WARN_SUSPICIOUS_MOVE = YES;
				CLANG_WARN_UNGUARDED_AVAILABILITY = YES_AGGRESSIVE;
				CLANG_WARN_UNREACHABLE_CODE = YES;
				CLANG_WARN__DUPLICATE_METHOD_MATCH = YES;
				CODE_SIGN_IDENTITY = "iPhone Developer";
				COPY_PHASE_STRIP = NO;
				DEBUG_INFORMATION_FORMAT = dwarf;
				ENABLE_STRICT_OBJC_MSGSEND = YES;
				ENABLE_TESTABILITY = YES;
				GCC_C_LANGUAGE_STANDARD = gnu11;
				GCC_DYNAMIC_NO_PIC = NO;
				GCC_NO_COMMON_BLOCKS = YES;
				GCC_OPTIMIZATION_LEVEL = 0;
				GCC_PREPROCESSOR_DEFINITIONS = (
					"DEBUG=1",
					"$(inherited)",
				);
				GCC_WARN_64_TO_32_BIT_CONVERSION = YES;
				GCC_WARN_ABOUT_RETURN_TYPE = YES_ERROR;
				GCC_WARN_UNDECLARED_SELECTOR = YES;
				GCC_WARN_UNINITIALIZED_AUTOS = YES_AGGRESSIVE;
				GCC_WARN_UNUSED_FUNCTION = YES;
				GCC_WARN_UNUSED_VARIABLE = YES;
				IPHONEOS_DEPLOYMENT_TARGET = 11.4;
				MTL_ENABLE_DEBUG_INFO = YES;
				ONLY_ACTIVE_ARCH = YES;
				SDKROOT = iphoneos;
			};
			name = Debug;
		};
		E3E56FA320CA1998002050E7 /* Release */ = {
			isa = XCBuildConfiguration;
			buildSettings = {
				ALWAYS_SEARCH_USER_PATHS = NO;
				CLANG_ANALYZER_NONNULL = YES;
				CLANG_ANALYZER_NUMBER_OBJECT_CONVERSION = YES_AGGRESSIVE;
				CLANG_CXX_LANGUAGE_STANDARD = "gnu++14";
				CLANG_CXX_LIBRARY = "libc++";
				CLANG_ENABLE_MODULES = YES;
				CLANG_ENABLE_OBJC_ARC = YES;
				CLANG_ENABLE_OBJC_WEAK = YES;
				CLANG_WARN_BLOCK_CAPTURE_AUTORELEASING = YES;
				CLANG_WARN_BOOL_CONVERSION = YES;
				CLANG_WARN_COMMA = YES;
				CLANG_WARN_CONSTANT_CONVERSION = YES;
				CLANG_WARN_DEPRECATED_OBJC_IMPLEMENTATIONS = YES;
				CLANG_WARN_DIRECT_OBJC_ISA_USAGE = YES_ERROR;
				CLANG_WARN_DOCUMENTATION_COMMENTS = YES;
				CLANG_WARN_EMPTY_BODY = YES;
				CLANG_WARN_ENUM_CONVERSION = YES;
				CLANG_WARN_INFINITE_RECURSION = YES;
				CLANG_WARN_INT_CONVERSION = YES;
				CLANG_WARN_NON_LITERAL_NULL_CONVERSION = YES;
				CLANG_WARN_OBJC_IMPLICIT_RETAIN_SELF = YES;
				CLANG_WARN_OBJC_LITERAL_CONVERSION = YES;
				CLANG_WARN_OBJC_ROOT_CLASS = YES_ERROR;
				CLANG_WARN_RANGE_LOOP_ANALYSIS = YES;
				CLANG_WARN_STRICT_PROTOTYPES = YES;
				CLANG_WARN_SUSPICIOUS_MOVE = YES;
				CLANG_WARN_UNGUARDED_AVAILABILITY = YES_AGGRESSIVE;
				CLANG_WARN_UNREACHABLE_CODE = YES;
				CLANG_WARN__DUPLICATE_METHOD_MATCH = YES;
				CODE_SIGN_IDENTITY = "iPhone Developer";
				COPY_PHASE_STRIP = NO;
				DEBUG_INFORMATION_FORMAT = "dwarf-with-dsym";
				ENABLE_NS_ASSERTIONS = NO;
				ENABLE_STRICT_OBJC_MSGSEND = YES;
				GCC_C_LANGUAGE_STANDARD = gnu11;
				GCC_NO_COMMON_BLOCKS = YES;
				GCC_WARN_64_TO_32_BIT_CONVERSION = YES;
				GCC_WARN_ABOUT_RETURN_TYPE = YES_ERROR;
				GCC_WARN_UNDECLARED_SELECTOR = YES;
				GCC_WARN_UNINITIALIZED_AUTOS = YES_AGGRESSIVE;
				GCC_WARN_UNUSED_FUNCTION = YES;
				GCC_WARN_UNUSED_VARIABLE = YES;
				IPHONEOS_DEPLOYMENT_TARGET = 11.4;
				MTL_ENABLE_DEBUG_INFO = NO;
				SDKROOT = iphoneos;
				VALIDATE_PRODUCT = YES;
			};
			name = Release;
		};
		E3E56FA520CA1998002050E7 /* Debug */ = {
			isa = XCBuildConfiguration;
			baseConfigurationReference = 74244C95D8F33B0E8C1BFB63 /* Pods-rac探究.debug.xcconfig */;
			buildSettings = {
				ASSETCATALOG_COMPILER_APPICON_NAME = AppIcon;
				CODE_SIGN_STYLE = Automatic;
				DEVELOPMENT_TEAM = 7RKWH3KL8E;
				INFOPLIST_FILE = "rac探究/Info.plist";
				LD_RUNPATH_SEARCH_PATHS = (
					"$(inherited)",
					"@executable_path/Frameworks",
				);
				PRODUCT_BUNDLE_IDENTIFIER = "com.xindaitong.www.rac--";
				PRODUCT_NAME = "$(TARGET_NAME)";
				TARGETED_DEVICE_FAMILY = "1,2";
			};
			name = Debug;
		};
		E3E56FA620CA1998002050E7 /* Release */ = {
			isa = XCBuildConfiguration;
			baseConfigurationReference = 861F3FD2F80AAE8FF0FFD1A7 /* Pods-rac探究.release.xcconfig */;
			buildSettings = {
				ASSETCATALOG_COMPILER_APPICON_NAME = AppIcon;
				CODE_SIGN_STYLE = Automatic;
				DEVELOPMENT_TEAM = 7RKWH3KL8E;
				INFOPLIST_FILE = "rac探究/Info.plist";
				LD_RUNPATH_SEARCH_PATHS = (
					"$(inherited)",
					"@executable_path/Frameworks",
				);
				PRODUCT_BUNDLE_IDENTIFIER = "com.xindaitong.www.rac--";
				PRODUCT_NAME = "$(TARGET_NAME)";
				TARGETED_DEVICE_FAMILY = "1,2";
			};
			name = Release;
		};
		E3E56FA820CA1998002050E7 /* Debug */ = {
			isa = XCBuildConfiguration;
			buildSettings = {
				BUNDLE_LOADER = "$(TEST_HOST)";
				CODE_SIGN_STYLE = Automatic;
				DEVELOPMENT_TEAM = 7RKWH3KL8E;
				INFOPLIST_FILE = "rac探究Tests/Info.plist";
				LD_RUNPATH_SEARCH_PATHS = (
					"$(inherited)",
					"@executable_path/Frameworks",
					"@loader_path/Frameworks",
				);
				PRODUCT_BUNDLE_IDENTIFIER = "com.xindaitong.www.rac--Tests";
				PRODUCT_NAME = "$(TARGET_NAME)";
				TARGETED_DEVICE_FAMILY = "1,2";
				TEST_HOST = "$(BUILT_PRODUCTS_DIR)/rac探究.app/rac探究";
			};
			name = Debug;
		};
		E3E56FA920CA1998002050E7 /* Release */ = {
			isa = XCBuildConfiguration;
			buildSettings = {
				BUNDLE_LOADER = "$(TEST_HOST)";
				CODE_SIGN_STYLE = Automatic;
				DEVELOPMENT_TEAM = 7RKWH3KL8E;
				INFOPLIST_FILE = "rac探究Tests/Info.plist";
				LD_RUNPATH_SEARCH_PATHS = (
					"$(inherited)",
					"@executable_path/Frameworks",
					"@loader_path/Frameworks",
				);
				PRODUCT_BUNDLE_IDENTIFIER = "com.xindaitong.www.rac--Tests";
				PRODUCT_NAME = "$(TARGET_NAME)";
				TARGETED_DEVICE_FAMILY = "1,2";
				TEST_HOST = "$(BUILT_PRODUCTS_DIR)/rac探究.app/rac探究";
			};
			name = Release;
		};
		E3E56FAB20CA1998002050E7 /* Debug */ = {
			isa = XCBuildConfiguration;
			buildSettings = {
				CODE_SIGN_STYLE = Automatic;
				DEVELOPMENT_TEAM = 7RKWH3KL8E;
				INFOPLIST_FILE = "rac探究UITests/Info.plist";
				LD_RUNPATH_SEARCH_PATHS = (
					"$(inherited)",
					"@executable_path/Frameworks",
					"@loader_path/Frameworks",
				);
				PRODUCT_BUNDLE_IDENTIFIER = "com.xindaitong.www.rac--UITests";
				PRODUCT_NAME = "$(TARGET_NAME)";
				TARGETED_DEVICE_FAMILY = "1,2";
				TEST_TARGET_NAME = "rac探究";
			};
			name = Debug;
		};
		E3E56FAC20CA1998002050E7 /* Release */ = {
			isa = XCBuildConfiguration;
			buildSettings = {
				CODE_SIGN_STYLE = Automatic;
				DEVELOPMENT_TEAM = 7RKWH3KL8E;
				INFOPLIST_FILE = "rac探究UITests/Info.plist";
				LD_RUNPATH_SEARCH_PATHS = (
					"$(inherited)",
					"@executable_path/Frameworks",
					"@loader_path/Frameworks",
				);
				PRODUCT_BUNDLE_IDENTIFIER = "com.xindaitong.www.rac--UITests";
				PRODUCT_NAME = "$(TARGET_NAME)";
				TARGETED_DEVICE_FAMILY = "1,2";
				TEST_TARGET_NAME = "rac探究";
			};
			name = Release;
		};
/* End XCBuildConfiguration section */

/* Begin XCConfigurationList section */
		E3E56F7320CA1996002050E7 /* Build configuration list for PBXProject "rac探究" */ = {
			isa = XCConfigurationList;
			buildConfigurations = (
				E3E56FA220CA1998002050E7 /* Debug */,
				E3E56FA320CA1998002050E7 /* Release */,
			);
			defaultConfigurationIsVisible = 0;
			defaultConfigurationName = Release;
		};
		E3E56FA420CA1998002050E7 /* Build configuration list for PBXNativeTarget "rac探究" */ = {
			isa = XCConfigurationList;
			buildConfigurations = (
				E3E56FA520CA1998002050E7 /* Debug */,
				E3E56FA620CA1998002050E7 /* Release */,
			);
			defaultConfigurationIsVisible = 0;
			defaultConfigurationName = Release;
		};
		E3E56FA720CA1998002050E7 /* Build configuration list for PBXNativeTarget "rac探究Tests" */ = {
			isa = XCConfigurationList;
			buildConfigurations = (
				E3E56FA820CA1998002050E7 /* Debug */,
				E3E56FA920CA1998002050E7 /* Release */,
			);
			defaultConfigurationIsVisible = 0;
			defaultConfigurationName = Release;
		};
		E3E56FAA20CA1998002050E7 /* Build configuration list for PBXNativeTarget "rac探究UITests" */ = {
			isa = XCConfigurationList;
			buildConfigurations = (
				E3E56FAB20CA1998002050E7 /* Debug */,
				E3E56FAC20CA1998002050E7 /* Release */,
			);
			defaultConfigurationIsVisible = 0;
			defaultConfigurationName = Release;
		};
/* End XCConfigurationList section */
	};
	rootObject = E3E56F7020CA1996002050E7 /* Project object */;
}
